// !$*UTF8*$!
{
	archiveVersion = 1;
	classes = {
	};
	objectVersion = 48;
	objects = {

/* Begin PBXBuildFile section */
		F39E777D202CB7DC00320842 /* AppDelegate.swift in Sources */ = {isa = PBXBuildFile; fileRef = F39E777C202CB7DC00320842 /* AppDelegate.swift */; };
		F39E777F202CB7DC00320842 /* ViewController.swift in Sources */ = {isa = PBXBuildFile; fileRef = F39E777E202CB7DC00320842 /* ViewController.swift */; };
		F39E7782202CB7DC00320842 /* Main.storyboard in Resources */ = {isa = PBXBuildFile; fileRef = F39E7780202CB7DC00320842 /* Main.storyboard */; };
		F39E7784202CB7DC00320842 /* Assets.xcassets in Resources */ = {isa = PBXBuildFile; fileRef = F39E7783202CB7DC00320842 /* Assets.xcassets */; };
		F39E7787202CB7DC00320842 /* LaunchScreen.storyboard in Resources */ = {isa = PBXBuildFile; fileRef = F39E7785202CB7DC00320842 /* LaunchScreen.storyboard */; };
		F39E7792202CB7DC00320842 /* LightTests.swift in Sources */ = {isa = PBXBuildFile; fileRef = F39E7791202CB7DC00320842 /* LightTests.swift */; };
		F39E779D202CB7DC00320842 /* LightUITests.swift in Sources */ = {isa = PBXBuildFile; fileRef = F39E779C202CB7DC00320842 /* LightUITests.swift */; };
/* End PBXBuildFile section */

/* Begin PBXContainerItemProxy section */
		F39E778E202CB7DC00320842 /* PBXContainerItemProxy */ = {
			isa = PBXContainerItemProxy;
			containerPortal = F39E7771202CB7DC00320842 /* Project object */;
			proxyType = 1;
			remoteGlobalIDString = F39E7778202CB7DC00320842;
			remoteInfo = Light;
		};
		F39E7799202CB7DC00320842 /* PBXContainerItemProxy */ = {
			isa = PBXContainerItemProxy;
			containerPortal = F39E7771202CB7DC00320842 /* Project object */;
			proxyType = 1;
			remoteGlobalIDString = F39E7778202CB7DC00320842;
			remoteInfo = Light;
		};
/* End PBXContainerItemProxy section */

/* Begin PBXFileReference section */
		F39E7779202CB7DC00320842 /* Light.app */ = {isa = PBXFileReference; explicitFileType = wrapper.application; includeInIndex = 0; path = Light.app; sourceTree = BUILT_PRODUCTS_DIR; };
		F39E777C202CB7DC00320842 /* AppDelegate.swift */ = {isa = PBXFileReference; lastKnownFileType = sourcecode.swift; path = AppDelegate.swift; sourceTree = "<group>"; };
		F39E777E202CB7DC00320842 /* ViewController.swift */ = {isa = PBXFileReference; lastKnownFileType = sourcecode.swift; path = ViewController.swift; sourceTree = "<group>"; };
		F39E7781202CB7DC00320842 /* Base */ = {isa = PBXFileReference; lastKnownFileType = file.storyboard; name = Base; path = Base.lproj/Main.storyboard; sourceTree = "<group>"; };
		F39E7783202CB7DC00320842 /* Assets.xcassets */ = {isa = PBXFileReference; lastKnownFileType = folder.assetcatalog; path = Assets.xcassets; sourceTree = "<group>"; };
		F39E7786202CB7DC00320842 /* Base */ = {isa = PBXFileReference; lastKnownFileType = file.storyboard; name = Base; path = Base.lproj/LaunchScreen.storyboard; sourceTree = "<group>"; };
		F39E7788202CB7DC00320842 /* Info.plist */ = {isa = PBXFileReference; lastKnownFileType = text.plist.xml; path = Info.plist; sourceTree = "<group>"; };
		F39E778D202CB7DC00320842 /* LightTests.xctest */ = {isa = PBXFileReference; explicitFileType = wrapper.cfbundle; includeInIndex = 0; path = LightTests.xctest; sourceTree = BUILT_PRODUCTS_DIR; };
		F39E7791202CB7DC00320842 /* LightTests.swift */ = {isa = PBXFileReference; lastKnownFileType = sourcecode.swift; path = LightTests.swift; sourceTree = "<group>"; };
		F39E7793202CB7DC00320842 /* Info.plist */ = {isa = PBXFileReference; lastKnownFileType = text.plist.xml; path = Info.plist; sourceTree = "<group>"; };
		F39E7798202CB7DC00320842 /* LightUITests.xctest */ = {isa = PBXFileReference; explicitFileType = wrapper.cfbundle; includeInIndex = 0; path = LightUITests.xctest; sourceTree = BUILT_PRODUCTS_DIR; };
		F39E779C202CB7DC00320842 /* LightUITests.swift */ = {isa = PBXFileReference; lastKnownFileType = sourcecode.swift; path = LightUITests.swift; sourceTree = "<group>"; };
		F39E779E202CB7DC00320842 /* Info.plist */ = {isa = PBXFileReference; lastKnownFileType = text.plist.xml; path = Info.plist; sourceTree = "<group>"; };
/* End PBXFileReference section */

/* Begin PBXFrameworksBuildPhase section */
		F39E7776202CB7DC00320842 /* Frameworks */ = {
			isa = PBXFrameworksBuildPhase;
			buildActionMask = 2147483647;
			files = (
			);
			runOnlyForDeploymentPostprocessing = 0;
		};
		F39E778A202CB7DC00320842 /* Frameworks */ = {
			isa = PBXFrameworksBuildPhase;
			buildActionMask = 2147483647;
			files = (
			);
			runOnlyForDeploymentPostprocessing = 0;
		};
		F39E7795202CB7DC00320842 /* Frameworks */ = {
			isa = PBXFrameworksBuildPhase;
			buildActionMask = 2147483647;
			files = (
			);
			runOnlyForDeploymentPostprocessing = 0;
		};
/* End PBXFrameworksBuildPhase section */

/* Begin PBXGroup section */
		F39E7770202CB7DC00320842 = {
			isa = PBXGroup;
			children = (
				F39E777B202CB7DC00320842 /* Light */,
				F39E7790202CB7DC00320842 /* LightTests */,
				F39E779B202CB7DC00320842 /* LightUITests */,
				F39E777A202CB7DC00320842 /* Products */,
			);
			sourceTree = "<group>";
		};
		F39E777A202CB7DC00320842 /* Products */ = {
			isa = PBXGroup;
			children = (
				F39E7779202CB7DC00320842 /* Light.app */,
				F39E778D202CB7DC00320842 /* LightTests.xctest */,
				F39E7798202CB7DC00320842 /* LightUITests.xctest */,
			);
			name = Products;
			sourceTree = "<group>";
		};
		F39E777B202CB7DC00320842 /* Light */ = {
			isa = PBXGroup;
			children = (
				F39E777C202CB7DC00320842 /* AppDelegate.swift */,
				F39E777E202CB7DC00320842 /* ViewController.swift */,
				F39E7780202CB7DC00320842 /* Main.storyboard */,
				F39E7783202CB7DC00320842 /* Assets.xcassets */,
				F39E7785202CB7DC00320842 /* LaunchScreen.storyboard */,
				F39E7788202CB7DC00320842 /* Info.plist */,
			);
			path = Light;
			sourceTree = "<group>";
		};
		F39E7790202CB7DC00320842 /* LightTests */ = {
			isa = PBXGroup;
			children = (
				F39E7791202CB7DC00320842 /* LightTests.swift */,
				F39E7793202CB7DC00320842 /* Info.plist */,
			);
			path = LightTests;
			sourceTree = "<group>";
		};
		F39E779B202CB7DC00320842 /* LightUITests */ = {
			isa = PBXGroup;
			children = (
				F39E779C202CB7DC00320842 /* LightUITests.swift */,
				F39E779E202CB7DC00320842 /* Info.plist */,
			);
			path = LightUITests;
			sourceTree = "<group>";
		};
/* End PBXGroup section */

/* Begin PBXNativeTarget section */
		F39E7778202CB7DC00320842 /* Light */ = {
			isa = PBXNativeTarget;
			buildConfigurationList = F39E77A1202CB7DC00320842 /* Build configuration list for PBXNativeTarget "Light" */;
			buildPhases = (
				F39E7775202CB7DC00320842 /* Sources */,
				F39E7776202CB7DC00320842 /* Frameworks */,
				F39E7777202CB7DC00320842 /* Resources */,
			);
			buildRules = (
			);
			dependencies = (
			);
			name = Light;
			productName = Light;
			productReference = F39E7779202CB7DC00320842 /* Light.app */;
			productType = "com.apple.product-type.application";
		};
		F39E778C202CB7DC00320842 /* LightTests */ = {
			isa = PBXNativeTarget;
			buildConfigurationList = F39E77A4202CB7DC00320842 /* Build configuration list for PBXNativeTarget "LightTests" */;
			buildPhases = (
				F39E7789202CB7DC00320842 /* Sources */,
				F39E778A202CB7DC00320842 /* Frameworks */,
				F39E778B202CB7DC00320842 /* Resources */,
			);
			buildRules = (
			);
			dependencies = (
				F39E778F202CB7DC00320842 /* PBXTargetDependency */,
			);
			name = LightTests;
			productName = LightTests;
			productReference = F39E778D202CB7DC00320842 /* LightTests.xctest */;
			productType = "com.apple.product-type.bundle.unit-test";
		};
		F39E7797202CB7DC00320842 /* LightUITests */ = {
			isa = PBXNativeTarget;
			buildConfigurationList = F39E77A7202CB7DC00320842 /* Build configuration list for PBXNativeTarget "LightUITests" */;
			buildPhases = (
				F39E7794202CB7DC00320842 /* Sources */,
				F39E7795202CB7DC00320842 /* Frameworks */,
				F39E7796202CB7DC00320842 /* Resources */,
			);
			buildRules = (
			);
			dependencies = (
				F39E779A202CB7DC00320842 /* PBXTargetDependency */,
			);
			name = LightUITests;
			productName = LightUITests;
			productReference = F39E7798202CB7DC00320842 /* LightUITests.xctest */;
			productType = "com.apple.product-type.bundle.ui-testing";
		};
/* End PBXNativeTarget section */

/* Begin PBXProject section */
		F39E7771202CB7DC00320842 /* Project object */ = {
			isa = PBXProject;
			attributes = {
				LastSwiftUpdateCheck = 0920;
				LastUpgradeCheck = 0920;
				ORGANIZATIONNAME = "Paulina Van der Doe";
				TargetAttributes = {
					F39E7778202CB7DC00320842 = {
						CreatedOnToolsVersion = 9.2;
						ProvisioningStyle = Automatic;
					};
					F39E778C202CB7DC00320842 = {
						CreatedOnToolsVersion = 9.2;
						ProvisioningStyle = Automatic;
						TestTargetID = F39E7778202CB7DC00320842;
					};
					F39E7797202CB7DC00320842 = {
						CreatedOnToolsVersion = 9.2;
						ProvisioningStyle = Automatic;
						TestTargetID = F39E7778202CB7DC00320842;
					};
				};
			};
			buildConfigurationList = F39E7774202CB7DC00320842 /* Build configuration list for PBXProject "Light" */;
			compatibilityVersion = "Xcode 8.0";
			developmentRegion = en;
			hasScannedForEncodings = 0;
			knownRegions = (
				en,
				Base,
			);
			mainGroup = F39E7770202CB7DC00320842;
			productRefGroup = F39E777A202CB7DC00320842 /* Products */;
			projectDirPath = "";
			projectRoot = "";
			targets = (
				F39E7778202CB7DC00320842 /* Light */,
				F39E778C202CB7DC00320842 /* LightTests */,
				F39E7797202CB7DC00320842 /* LightUITests */,
			);
		};
/* End PBXProject section */

/* Begin PBXResourcesBuildPhase section */
		F39E7777202CB7DC00320842 /* Resources */ = {
			isa = PBXResourcesBuildPhase;
			buildActionMask = 2147483647;
			files = (
				F39E7787202CB7DC00320842 /* LaunchScreen.storyboard in Resources */,
				F39E7784202CB7DC00320842 /* Assets.xcassets in Resources */,
				F39E7782202CB7DC00320842 /* Main.storyboard in Resources */,
			);
			runOnlyForDeploymentPostprocessing = 0;
		};
		F39E778B202CB7DC00320842 /* Resources */ = {
			isa = PBXResourcesBuildPhase;
			buildActionMask = 2147483647;
			files = (
			);
			runOnlyForDeploymentPostprocessing = 0;
		};
		F39E7796202CB7DC00320842 /* Resources */ = {
			isa = PBXResourcesBuildPhase;
			buildActionMask = 2147483647;
			files = (
			);
			runOnlyForDeploymentPostprocessing = 0;
		};
/* End PBXResourcesBuildPhase section */

/* Begin PBXSourcesBuildPhase section */
		F39E7775202CB7DC00320842 /* Sources */ = {
			isa = PBXSourcesBuildPhase;
			buildActionMask = 2147483647;
			files = (
				F39E777F202CB7DC00320842 /* ViewController.swift in Sources */,
				F39E777D202CB7DC00320842 /* AppDelegate.swift in Sources */,
			);
			runOnlyForDeploymentPostprocessing = 0;
		};
		F39E7789202CB7DC00320842 /* Sources */ = {
			isa = PBXSourcesBuildPhase;
			buildActionMask = 2147483647;
			files = (
				F39E7792202CB7DC00320842 /* LightTests.swift in Sources */,
			);
			runOnlyForDeploymentPostprocessing = 0;
		};
		F39E7794202CB7DC00320842 /* Sources */ = {
			isa = PBXSourcesBuildPhase;
			buildActionMask = 2147483647;
			files = (
				F39E779D202CB7DC00320842 /* LightUITests.swift in Sources */,
			);
			runOnlyForDeploymentPostprocessing = 0;
		};
/* End PBXSourcesBuildPhase section */

/* Begin PBXTargetDependency section */
		F39E778F202CB7DC00320842 /* PBXTargetDependency */ = {
			isa = PBXTargetDependency;
			target = F39E7778202CB7DC00320842 /* Light */;
			targetProxy = F39E778E202CB7DC00320842 /* PBXContainerItemProxy */;
		};
		F39E779A202CB7DC00320842 /* PBXTargetDependency */ = {
			isa = PBXTargetDependency;
			target = F39E7778202CB7DC00320842 /* Light */;
			targetProxy = F39E7799202CB7DC00320842 /* PBXContainerItemProxy */;
		};
/* End PBXTargetDependency section */

/* Begin PBXVariantGroup section */
		F39E7780202CB7DC00320842 /* Main.storyboard */ = {
			isa = PBXVariantGroup;
			children = (
				F39E7781202CB7DC00320842 /* Base */,
			);
			name = Main.storyboard;
			sourceTree = "<group>";
		};
		F39E7785202CB7DC00320842 /* LaunchScreen.storyboard */ = {
			isa = PBXVariantGroup;
			children = (
				F39E7786202CB7DC00320842 /* Base */,
			);
			name = LaunchScreen.storyboard;
			sourceTree = "<group>";
		};
/* End PBXVariantGroup section */

/* Begin XCBuildConfiguration section */
		F39E779F202CB7DC00320842 /* Debug */ = {
			isa = XCBuildConfiguration;
			buildSettings = {
				ALWAYS_SEARCH_USER_PATHS = NO;
				CLANG_ANALYZER_NONNULL = YES;
				CLANG_ANALYZER_NUMBER_OBJECT_CONVERSION = YES_AGGRESSIVE;
				CLANG_CXX_LANGUAGE_STANDARD = "gnu++14";
				CLANG_CXX_LIBRARY = "libc++";
				CLANG_ENABLE_MODULES = YES;
				CLANG_ENABLE_OBJC_ARC = YES;
				CLANG_WARN_BLOCK_CAPTURE_AUTORELEASING = YES;
				CLANG_WARN_BOOL_CONVERSION = YES;
				CLANG_WARN_COMMA = YES;
				CLANG_WARN_CONSTANT_CONVERSION = YES;
				CLANG_WARN_DIRECT_OBJC_ISA_USAGE = YES_ERROR;
				CLANG_WARN_DOCUMENTATION_COMMENTS = YES;
				CLANG_WARN_EMPTY_BODY = YES;
				CLANG_WARN_ENUM_CONVERSION = YES;
				CLANG_WARN_INFINITE_RECURSION = YES;
				CLANG_WARN_INT_CONVERSION = YES;
				CLANG_WARN_NON_LITERAL_NULL_CONVERSION = YES;
				CLANG_WARN_OBJC_LITERAL_CONVERSION = YES;
				CLANG_WARN_OBJC_ROOT_CLASS = YES_ERROR;
				CLANG_WARN_RANGE_LOOP_ANALYSIS = YES;
				CLANG_WARN_STRICT_PROTOTYPES = YES;
				CLANG_WARN_SUSPICIOUS_MOVE = YES;
				CLANG_WARN_UNGUARDED_AVAILABILITY = YES_AGGRESSIVE;
				CLANG_WARN_UNREACHABLE_CODE = YES;
				CLANG_WARN__DUPLICATE_METHOD_MATCH = YES;
				CODE_SIGN_IDENTITY = "iPhone Developer";
				COPY_PHASE_STRIP = NO;
				DEBUG_INFORMATION_FORMAT = dwarf;
				ENABLE_STRICT_OBJC_MSGSEND = YES;
				ENABLE_TESTABILITY = YES;
				GCC_C_LANGUAGE_STANDARD = gnu11;
				GCC_DYNAMIC_NO_PIC = NO;
				GCC_NO_COMMON_BLOCKS = YES;
				GCC_OPTIMIZATION_LEVEL = 0;
				GCC_PREPROCESSOR_DEFINITIONS = (
					"DEBUG=1",
					"$(inherited)",
				);
				GCC_WARN_64_TO_32_BIT_CONVERSION = YES;
				GCC_WARN_ABOUT_RETURN_TYPE = YES_ERROR;
				GCC_WARN_UNDECLARED_SELECTOR = YES;
				GCC_WARN_UNINITIALIZED_AUTOS = YES_AGGRESSIVE;
				GCC_WARN_UNUSED_FUNCTION = YES;
				GCC_WARN_UNUSED_VARIABLE = YES;
				IPHONEOS_DEPLOYMENT_TARGET = 11.2;
				MTL_ENABLE_DEBUG_INFO = YES;
				ONLY_ACTIVE_ARCH = YES;
				SDKROOT = iphoneos;
				SWIFT_ACTIVE_COMPILATION_CONDITIONS = DEBUG;
				SWIFT_OPTIMIZATION_LEVEL = "-Onone";
			};
			name = Debug;
		};
		F39E77A0202CB7DC00320842 /* Release */ = {
			isa = XCBuildConfiguration;
			buildSettings = {
				ALWAYS_SEARCH_USER_PATHS = NO;
				CLANG_ANALYZER_NONNULL = YES;
				CLANG_ANALYZER_NUMBER_OBJECT_CONVERSION = YES_AGGRESSIVE;
				CLANG_CXX_LANGUAGE_STANDARD = "gnu++14";
				CLANG_CXX_LIBRARY = "libc++";
				CLANG_ENABLE_MODULES = YES;
				CLANG_ENABLE_OBJC_ARC = YES;
				CLANG_WARN_BLOCK_CAPTURE_AUTORELEASING = YES;
				CLANG_WARN_BOOL_CONVERSION = YES;
				CLANG_WARN_COMMA = YES;
				CLANG_WARN_CONSTANT_CONVERSION = YES;
				CLANG_WARN_DIRECT_OBJC_ISA_USAGE = YES_ERROR;
				CLANG_WARN_DOCUMENTATION_COMMENTS = YES;
				CLANG_WARN_EMPTY_BODY = YES;
				CLANG_WARN_ENUM_CONVERSION = YES;
				CLANG_WARN_INFINITE_RECURSION = YES;
				CLANG_WARN_INT_CONVERSION = YES;
				CLANG_WARN_NON_LITERAL_NULL_CONVERSION = YES;
				CLANG_WARN_OBJC_LITERAL_CONVERSION = YES;
				CLANG_WARN_OBJC_ROOT_CLASS = YES_ERROR;
				CLANG_WARN_RANGE_LOOP_ANALYSIS = YES;
				CLANG_WARN_STRICT_PROTOTYPES = YES;
				CLANG_WARN_SUSPICIOUS_MOVE = YES;
				CLANG_WARN_UNGUARDED_AVAILABILITY = YES_AGGRESSIVE;
				CLANG_WARN_UNREACHABLE_CODE = YES;
				CLANG_WARN__DUPLICATE_METHOD_MATCH = YES;
				CODE_SIGN_IDENTITY = "iPhone Developer";
				COPY_PHASE_STRIP = NO;
				DEBUG_INFORMATION_FORMAT = "dwarf-with-dsym";
				ENABLE_NS_ASSERTIONS = NO;
				ENABLE_STRICT_OBJC_MSGSEND = YES;
				GCC_C_LANGUAGE_STANDARD = gnu11;
				GCC_NO_COMMON_BLOCKS = YES;
				GCC_WARN_64_TO_32_BIT_CONVERSION = YES;
				GCC_WARN_ABOUT_RETURN_TYPE = YES_ERROR;
				GCC_WARN_UNDECLARED_SELECTOR = YES;
				GCC_WARN_UNINITIALIZED_AUTOS = YES_AGGRESSIVE;
				GCC_WARN_UNUSED_FUNCTION = YES;
				GCC_WARN_UNUSED_VARIABLE = YES;
				IPHONEOS_DEPLOYMENT_TARGET = 11.2;
				MTL_ENABLE_DEBUG_INFO = NO;
				SDKROOT = iphoneos;
				SWIFT_OPTIMIZATION_LEVEL = "-Owholemodule";
				VALIDATE_PRODUCT = YES;
			};
			name = Release;
		};
		F39E77A2202CB7DC00320842 /* Debug */ = {
			isa = XCBuildConfiguration;
			buildSettings = {
				ASSETCATALOG_COMPILER_APPICON_NAME = AppIcon;
				CODE_SIGN_STYLE = Automatic;
				INFOPLIST_FILE = Light/Info.plist;
				LD_RUNPATH_SEARCH_PATHS = "$(inherited) @executable_path/Frameworks";
				PRODUCT_BUNDLE_IDENTIFIER = Uva.Light;
				PRODUCT_NAME = "$(TARGET_NAME)";
				SWIFT_VERSION = 4.0;
				TARGETED_DEVICE_FAMILY = "1,2";
			};
			name = Debug;
		};
		F39E77A3202CB7DC00320842 /* Release */ = {
			isa = XCBuildConfiguration;
			buildSettings = {
				ASSETCATALOG_COMPILER_APPICON_NAME = AppIcon;
				CODE_SIGN_STYLE = Automatic;
				INFOPLIST_FILE = Light/Info.plist;
				LD_RUNPATH_SEARCH_PATHS = "$(inherited) @executable_path/Frameworks";
				PRODUCT_BUNDLE_IDENTIFIER = Uva.Light;
				PRODUCT_NAME = "$(TARGET_NAME)";
				SWIFT_VERSION = 4.0;
				TARGETED_DEVICE_FAMILY = "1,2";
			};
			name = Release;
		};
		F39E77A5202CB7DC00320842 /* Debug */ = {
			isa = XCBuildConfiguration;
			buildSettings = {
				ALWAYS_EMBED_SWIFT_STANDARD_LIBRARIES = YES;
				BUNDLE_LOADER = "$(TEST_HOST)";
				CODE_SIGN_STYLE = Automatic;
				INFOPLIST_FILE = LightTests/Info.plist;
				LD_RUNPATH_SEARCH_PATHS = "$(inherited) @executable_path/Frameworks @loader_path/Frameworks";
				PRODUCT_BUNDLE_IDENTIFIER = Uva.LightTests;
				PRODUCT_NAME = "$(TARGET_NAME)";
				SWIFT_VERSION = 4.0;
				TARGETED_DEVICE_FAMILY = "1,2";
				TEST_HOST = "$(BUILT_PRODUCTS_DIR)/Light.app/Light";
			};
			name = Debug;
		};
		F39E77A6202CB7DC00320842 /* Release */ = {
			isa = XCBuildConfiguration;
			buildSettings = {
				ALWAYS_EMBED_SWIFT_STANDARD_LIBRARIES = YES;
				BUNDLE_LOADER = "$(TEST_HOST)";
				CODE_SIGN_STYLE = Automatic;
				INFOPLIST_FILE = LightTests/Info.plist;
				LD_RUNPATH_SEARCH_PATHS = "$(inherited) @executable_path/Frameworks @loader_path/Frameworks";
				PRODUCT_BUNDLE_IDENTIFIER = Uva.LightTests;
				PRODUCT_NAME = "$(TARGET_NAME)";
				SWIFT_VERSION = 4.0;
				TARGETED_DEVICE_FAMILY = "1,2";
				TEST_HOST = "$(BUILT_PRODUCTS_DIR)/Light.app/Light";
			};
			name = Release;
		};
		F39E77A8202CB7DC00320842 /* Debug */ = {
			isa = XCBuildConfiguration;
			buildSettings = {
				ALWAYS_EMBED_SWIFT_STANDARD_LIBRARIES = YES;
				CODE_SIGN_STYLE = Automatic;
				INFOPLIST_FILE = LightUITests/Info.plist;
				LD_RUNPATH_SEARCH_PATHS = "$(inherited) @executable_path/Frameworks @loader_path/Frameworks";
				PRODUCT_BUNDLE_IDENTIFIER = Uva.LightUITests;
				PRODUCT_NAME = "$(TARGET_NAME)";
				SWIFT_VERSION = 4.0;
				TARGETED_DEVICE_FAMILY = "1,2";
				TEST_TARGET_NAME = Light;
			};
			name = Debug;
		};
		F39E77A9202CB7DC00320842 /* Release */ = {
			isa = XCBuildConfiguration;
			buildSettings = {
				ALWAYS_EMBED_SWIFT_STANDARD_LIBRARIES = YES;
				CODE_SIGN_STYLE = Automatic;
				INFOPLIST_FILE = LightUITests/Info.plist;
				LD_RUNPATH_SEARCH_PATHS = "$(inherited) @executable_path/Frameworks @loader_path/Frameworks";
				PRODUCT_BUNDLE_IDENTIFIER = Uva.LightUITests;
				PRODUCT_NAME = "$(TARGET_NAME)";
				SWIFT_VERSION = 4.0;
				TARGETED_DEVICE_FAMILY = "1,2";
				TEST_TARGET_NAME = Light;
			};
			name = Release;
		};
/* End XCBuildConfiguration section */

/* Begin XCConfigurationList section */
		F39E7774202CB7DC00320842 /* Build configuration list for PBXProject "Light" */ = {
			isa = XCConfigurationList;
			buildConfigurations = (
				F39E779F202CB7DC00320842 /* Debug */,
				F39E77A0202CB7DC00320842 /* Release */,
			);
			defaultConfigurationIsVisible = 0;
			defaultConfigurationName = Release;
		};
		F39E77A1202CB7DC00320842 /* Build configuration list for PBXNativeTarget "Light" */ = {
			isa = XCConfigurationList;
			buildConfigurations = (
				F39E77A2202CB7DC00320842 /* Debug */,
				F39E77A3202CB7DC00320842 /* Release */,
			);
			defaultConfigurationIsVisible = 0;
			defaultConfigurationName = Release;
		};
		F39E77A4202CB7DC00320842 /* Build configuration list for PBXNativeTarget "LightTests" */ = {
			isa = XCConfigurationList;
			buildConfigurations = (
				F39E77A5202CB7DC00320842 /* Debug */,
				F39E77A6202CB7DC00320842 /* Release */,
			);
			defaultConfigurationIsVisible = 0;
			defaultConfigurationName = Release;
		};
		F39E77A7202CB7DC00320842 /* Build configuration list for PBXNativeTarget "LightUITests" */ = {
			isa = XCConfigurationList;
			buildConfigurations = (
				F39E77A8202CB7DC00320842 /* Debug */,
				F39E77A9202CB7DC00320842 /* Release */,
			);
			defaultConfigurationIsVisible = 0;
			defaultConfigurationName = Release;
		};
/* End XCConfigurationList section */
	};
	rootObject = F39E7771202CB7DC00320842 /* Project object */;
}
